<Solution>
  <Folder Name="/docs/">
    <File Path="../docs/architecture.md" />
    <File Path="../docs/domain.md" />
  </Folder>
  <Folder Name="/src/">
    <Project Path="FiscalZen.Domain/FiscalZen.Domain.csproj" />
  </Folder>
  <Project Path="../tests/FiscalZen.Domain.Tests/FiscalZen.Domain.Tests.csproj" Id="3d6cd4fd-1956-413d-bd6b-d74fb11f0a3b" />
</Solution>
